
Microsoft Visual Studio Solution File, Format Version 12.00
# Visual Studio Version 16
VisualStudioVersion = 16.0.29519.161
MinimumVisualStudioVersion = 10.0.40219.1
Project("{2150E333-8FDC-42A3-9474-1A3956D46DE8}") = "src", "src", "{7262305E-508C-4E02-96F0-FB5E26D2EE69}"
EndProject
Project("{2150E333-8FDC-42A3-9474-1A3956D46DE8}") = "tests", "tests", "{63AE57CD-D239-4502-A234-76378642469C}"
EndProject
Project("{2150E333-8FDC-42A3-9474-1A3956D46DE8}") = "Data", "Data", "{5A284F93-EFEC-4948-8C84-5D6C4C5B22E7}"
EndProject
Project("{2150E333-8FDC-42A3-9474-1A3956D46DE8}") = "Domain", "Domain", "{82B56928-F490-47EA-B4A7-71595680C035}"
EndProject
Project("{2150E333-8FDC-42A3-9474-1A3956D46DE8}") = "UI", "UI", "{DA2966C8-DDCF-4902-A0F8-E05C1AF704CC}"
EndProject
Project("{2150E333-8FDC-42A3-9474-1A3956D46DE8}") = "Services", "Services", "{878C8CAD-18F4-4461-B694-DC3767260CF8}"
EndProject
Project("{FAE04EC0-301F-11D3-BF4B-00C04F79EFBC}") = "Students.Domain", "src\Domain\Students.Domain\Students.Domain.csproj", "{BAF2F8E8-6FD4-480C-8BC9-095B40057AA7}"
EndProject
Project("{FAE04EC0-301F-11D3-BF4B-00C04F79EFBC}") = "KSD.Data", "src\Data\KSD.Data\KSD.Data.csproj", "{6F336AFC-5C61-46C0-B4C9-886E3CE5A7EE}"
EndProject
Project("{FAE04EC0-301F-11D3-BF4B-00C04F79EFBC}") = "KSD.Services", "src\Services\KSD.Services\KSD.Services.csproj", "{CC4A3874-9A5C-4527-A332-8C0BF183F401}"
EndProject
Project("{2150E333-8FDC-42A3-9474-1A3956D46DE8}") = "Shared", "Shared", "{12F275FA-3753-42D3-9418-A26E858C4DAB}"
EndProject
Project("{FAE04EC0-301F-11D3-BF4B-00C04F79EFBC}") = "KSD.UI.Server", "src\UI\KSD.UI\Server\KSD.UI.Server.csproj", "{1C9E43F7-FD21-421B-A457-1B65F3DD8FA8}"
EndProject
Project("{FAE04EC0-301F-11D3-BF4B-00C04F79EFBC}") = "KSD.UI.Client", "src\UI\KSD.UI\Client\KSD.UI.Client.csproj", "{0C73B422-03B2-49DF-A962-63C5325530DD}"
EndProject
Project("{FAE04EC0-301F-11D3-BF4B-00C04F79EFBC}") = "KSD.UI.Shared", "src\UI\KSD.UI\Shared\KSD.UI.Shared.csproj", "{EB4CB84D-2386-49C5-A21F-7789D17AE4CF}"
EndProject
Project("{FAE04EC0-301F-11D3-BF4B-00C04F79EFBC}") = "KSD.ServiceContracts", "KSD.ServiceContracts\KSD.ServiceContracts.csproj", "{8AB529E7-16C6-43AD-ACCA-A0E370EB0FB0}"
EndProject
Project("{2150E333-8FDC-42A3-9474-1A3956D46DE8}") = "Infrastructure", "Infrastructure", "{E6B92DAA-D237-48C7-8846-CEF9BAA96DAD}"
EndProject
Project("{FAE04EC0-301F-11D3-BF4B-00C04F79EFBC}") = "KSD.External", "src\External\KSD.External\KSD.External.csproj", "{A4557B0A-5978-4599-9DC9-C0A0094C8F17}"
EndProject
Global
	GlobalSection(SolutionConfigurationPlatforms) = preSolution
		Debug|Any CPU = Debug|Any CPU
		Release|Any CPU = Release|Any CPU
	EndGlobalSection
	GlobalSection(ProjectConfigurationPlatforms) = postSolution
		{BAF2F8E8-6FD4-480C-8BC9-095B40057AA7}.Debug|Any CPU.ActiveCfg = Debug|Any CPU
		{BAF2F8E8-6FD4-480C-8BC9-095B40057AA7}.Debug|Any CPU.Build.0 = Debug|Any CPU
		{BAF2F8E8-6FD4-480C-8BC9-095B40057AA7}.Release|Any CPU.ActiveCfg = Release|Any CPU
		{BAF2F8E8-6FD4-480C-8BC9-095B40057AA7}.Release|Any CPU.Build.0 = Release|Any CPU
		{6F336AFC-5C61-46C0-B4C9-886E3CE5A7EE}.Debug|Any CPU.ActiveCfg = Debug|Any CPU
		{6F336AFC-5C61-46C0-B4C9-886E3CE5A7EE}.Debug|Any CPU.Build.0 = Debug|Any CPU
		{6F336AFC-5C61-46C0-B4C9-886E3CE5A7EE}.Release|Any CPU.ActiveCfg = Release|Any CPU
		{6F336AFC-5C61-46C0-B4C9-886E3CE5A7EE}.Release|Any CPU.Build.0 = Release|Any CPU
		{CC4A3874-9A5C-4527-A332-8C0BF183F401}.Debug|Any CPU.ActiveCfg = Debug|Any CPU
		{CC4A3874-9A5C-4527-A332-8C0BF183F401}.Debug|Any CPU.Build.0 = Debug|Any CPU
		{CC4A3874-9A5C-4527-A332-8C0BF183F401}.Release|Any CPU.ActiveCfg = Release|Any CPU
		{CC4A3874-9A5C-4527-A332-8C0BF183F401}.Release|Any CPU.Build.0 = Release|Any CPU
		{1C9E43F7-FD21-421B-A457-1B65F3DD8FA8}.Debug|Any CPU.ActiveCfg = Debug|Any CPU
		{1C9E43F7-FD21-421B-A457-1B65F3DD8FA8}.Debug|Any CPU.Build.0 = Debug|Any CPU
		{1C9E43F7-FD21-421B-A457-1B65F3DD8FA8}.Release|Any CPU.ActiveCfg = Release|Any CPU
		{1C9E43F7-FD21-421B-A457-1B65F3DD8FA8}.Release|Any CPU.Build.0 = Release|Any CPU
		{0C73B422-03B2-49DF-A962-63C5325530DD}.Debug|Any CPU.ActiveCfg = Debug|Any CPU
		{0C73B422-03B2-49DF-A962-63C5325530DD}.Debug|Any CPU.Build.0 = Debug|Any CPU
		{0C73B422-03B2-49DF-A962-63C5325530DD}.Release|Any CPU.ActiveCfg = Release|Any CPU
		{0C73B422-03B2-49DF-A962-63C5325530DD}.Release|Any CPU.Build.0 = Release|Any CPU
		{EB4CB84D-2386-49C5-A21F-7789D17AE4CF}.Debug|Any CPU.ActiveCfg = Debug|Any CPU
		{EB4CB84D-2386-49C5-A21F-7789D17AE4CF}.Debug|Any CPU.Build.0 = Debug|Any CPU
		{EB4CB84D-2386-49C5-A21F-7789D17AE4CF}.Release|Any CPU.ActiveCfg = Release|Any CPU
		{EB4CB84D-2386-49C5-A21F-7789D17AE4CF}.Release|Any CPU.Build.0 = Release|Any CPU
		{8AB529E7-16C6-43AD-ACCA-A0E370EB0FB0}.Debug|Any CPU.ActiveCfg = Debug|Any CPU
		{8AB529E7-16C6-43AD-ACCA-A0E370EB0FB0}.Debug|Any CPU.Build.0 = Debug|Any CPU
		{8AB529E7-16C6-43AD-ACCA-A0E370EB0FB0}.Release|Any CPU.ActiveCfg = Release|Any CPU
		{8AB529E7-16C6-43AD-ACCA-A0E370EB0FB0}.Release|Any CPU.Build.0 = Release|Any CPU
		{A4557B0A-5978-4599-9DC9-C0A0094C8F17}.Debug|Any CPU.ActiveCfg = Debug|Any CPU
		{A4557B0A-5978-4599-9DC9-C0A0094C8F17}.Debug|Any CPU.Build.0 = Debug|Any CPU
		{A4557B0A-5978-4599-9DC9-C0A0094C8F17}.Release|Any CPU.ActiveCfg = Release|Any CPU
		{A4557B0A-5978-4599-9DC9-C0A0094C8F17}.Release|Any CPU.Build.0 = Release|Any CPU
	EndGlobalSection
	GlobalSection(SolutionProperties) = preSolution
		HideSolutionNode = FALSE
	EndGlobalSection
	GlobalSection(NestedProjects) = preSolution
		{5A284F93-EFEC-4948-8C84-5D6C4C5B22E7} = {7262305E-508C-4E02-96F0-FB5E26D2EE69}
		{82B56928-F490-47EA-B4A7-71595680C035} = {7262305E-508C-4E02-96F0-FB5E26D2EE69}
		{DA2966C8-DDCF-4902-A0F8-E05C1AF704CC} = {7262305E-508C-4E02-96F0-FB5E26D2EE69}
		{878C8CAD-18F4-4461-B694-DC3767260CF8} = {7262305E-508C-4E02-96F0-FB5E26D2EE69}
		{BAF2F8E8-6FD4-480C-8BC9-095B40057AA7} = {82B56928-F490-47EA-B4A7-71595680C035}
		{6F336AFC-5C61-46C0-B4C9-886E3CE5A7EE} = {5A284F93-EFEC-4948-8C84-5D6C4C5B22E7}
		{CC4A3874-9A5C-4527-A332-8C0BF183F401} = {878C8CAD-18F4-4461-B694-DC3767260CF8}
		{12F275FA-3753-42D3-9418-A26E858C4DAB} = {7262305E-508C-4E02-96F0-FB5E26D2EE69}
		{1C9E43F7-FD21-421B-A457-1B65F3DD8FA8} = {DA2966C8-DDCF-4902-A0F8-E05C1AF704CC}
		{0C73B422-03B2-49DF-A962-63C5325530DD} = {DA2966C8-DDCF-4902-A0F8-E05C1AF704CC}
		{EB4CB84D-2386-49C5-A21F-7789D17AE4CF} = {12F275FA-3753-42D3-9418-A26E858C4DAB}
		{8AB529E7-16C6-43AD-ACCA-A0E370EB0FB0} = {878C8CAD-18F4-4461-B694-DC3767260CF8}
		{E6B92DAA-D237-48C7-8846-CEF9BAA96DAD} = {7262305E-508C-4E02-96F0-FB5E26D2EE69}
		{A4557B0A-5978-4599-9DC9-C0A0094C8F17} = {E6B92DAA-D237-48C7-8846-CEF9BAA96DAD}
	EndGlobalSection
	GlobalSection(ExtensibilityGlobals) = postSolution
		SolutionGuid = {1BB6D72D-8D7F-4195-B6BB-926D9A178BA5}
	EndGlobalSection
EndGlobal
